
Microsoft Visual Studio Solution File, Format Version 12.00
# Visual Studio Version 17
VisualStudioVersion = 17.9.34622.214
MinimumVisualStudioVersion = 10.0.40219.1
Project("{FAE04EC0-301F-11D3-BF4B-00C04F79EFBC}") = "UID.Core", "UID.Core\UID.Core.csproj", "{0E197DA2-9FC5-4A25-B44A-FB4162E7E5E9}"
EndProject
Project("{FAE04EC0-301F-11D3-BF4B-00C04F79EFBC}") = "UID.ConsoleTestApp", "UID.ConsoleTestApp\UID.ConsoleTestApp.csproj", "{57301BD0-92E4-4D48-BE91-13A92A8E9873}"
EndProject
Global
	GlobalSection(SolutionConfigurationPlatforms) = preSolution
		Debug|Any CPU = Debug|Any CPU
		Release|Any CPU = Release|Any CPU
	EndGlobalSection
	GlobalSection(ProjectConfigurationPlatforms) = postSolution
		{0E197DA2-9FC5-4A25-B44A-FB4162E7E5E9}.Debug|Any CPU.ActiveCfg = Debug|Any CPU
		{0E197DA2-9FC5-4A25-B44A-FB4162E7E5E9}.Debug|Any CPU.Build.0 = Debug|Any CPU
		{0E197DA2-9FC5-4A25-B44A-FB4162E7E5E9}.Release|Any CPU.ActiveCfg = Release|Any CPU
		{0E197DA2-9FC5-4A25-B44A-FB4162E7E5E9}.Release|Any CPU.Build.0 = Release|Any CPU
		{57301BD0-92E4-4D48-BE91-13A92A8E9873}.Debug|Any CPU.ActiveCfg = Debug|Any CPU
		{57301BD0-92E4-4D48-BE91-13A92A8E9873}.Debug|Any CPU.Build.0 = Debug|Any CPU
		{57301BD0-92E4-4D48-BE91-13A92A8E9873}.Release|Any CPU.ActiveCfg = Release|Any CPU
		{57301BD0-92E4-4D48-BE91-13A92A8E9873}.Release|Any CPU.Build.0 = Release|Any CPU
	EndGlobalSection
	GlobalSection(SolutionProperties) = preSolution
		HideSolutionNode = FALSE
	EndGlobalSection
	GlobalSection(ExtensibilityGlobals) = postSolution
		SolutionGuid = {0110FE6A-28D9-46C9-9B35-16CEDE67D2E4}
	EndGlobalSection
EndGlobal
